
Microsoft Visual Studio Solution File, Format Version 12.00
# Visual Studio Version 17
VisualStudioVersion = 17.9.34728.123
MinimumVisualStudioVersion = 10.0.40219.1
Project("{FAE04EC0-301F-11D3-BF4B-00C04F79EFBC}") = "BusinessLogic", "BusinessLogic\BusinessLogic.csproj", "{276C51C6-5929-4006-AE4C-985FC408DC09}"
EndProject
Project("{FAE04EC0-301F-11D3-BF4B-00C04F79EFBC}") = "DataAccess", "DataAccess\DataAccess.csproj", "{AE733FD1-484F-4403-9138-9D988FEA9D13}"
EndProject
Project("{FAE04EC0-301F-11D3-BF4B-00C04F79EFBC}") = "Presentation", "Presentation\Presentation.csproj", "{E57416B8-176A-467D-9E67-5B67FB3C2966}"
EndProject
Global
	GlobalSection(SolutionConfigurationPlatforms) = preSolution
		Debug|Any CPU = Debug|Any CPU
		Release|Any CPU = Release|Any CPU
	EndGlobalSection
	GlobalSection(ProjectConfigurationPlatforms) = postSolution
		{276C51C6-5929-4006-AE4C-985FC408DC09}.Debug|Any CPU.ActiveCfg = Debug|Any CPU
		{276C51C6-5929-4006-AE4C-985FC408DC09}.Debug|Any CPU.Build.0 = Debug|Any CPU
		{276C51C6-5929-4006-AE4C-985FC408DC09}.Release|Any CPU.ActiveCfg = Release|Any CPU
		{276C51C6-5929-4006-AE4C-985FC408DC09}.Release|Any CPU.Build.0 = Release|Any CPU
		{AE733FD1-484F-4403-9138-9D988FEA9D13}.Debug|Any CPU.ActiveCfg = Debug|Any CPU
		{AE733FD1-484F-4403-9138-9D988FEA9D13}.Debug|Any CPU.Build.0 = Debug|Any CPU
		{AE733FD1-484F-4403-9138-9D988FEA9D13}.Release|Any CPU.ActiveCfg = Release|Any CPU
		{AE733FD1-484F-4403-9138-9D988FEA9D13}.Release|Any CPU.Build.0 = Release|Any CPU
		{E57416B8-176A-467D-9E67-5B67FB3C2966}.Debug|Any CPU.ActiveCfg = Debug|Any CPU
		{E57416B8-176A-467D-9E67-5B67FB3C2966}.Debug|Any CPU.Build.0 = Debug|Any CPU
		{E57416B8-176A-467D-9E67-5B67FB3C2966}.Release|Any CPU.ActiveCfg = Release|Any CPU
		{E57416B8-176A-467D-9E67-5B67FB3C2966}.Release|Any CPU.Build.0 = Release|Any CPU
	EndGlobalSection
	GlobalSection(SolutionProperties) = preSolution
		HideSolutionNode = FALSE
	EndGlobalSection
	GlobalSection(ExtensibilityGlobals) = postSolution
		SolutionGuid = {7D5AD557-DE44-4E76-A679-CC34CD0F78A1}
	EndGlobalSection
EndGlobal
